GEM
  remote: https://rubygems.org/
  specs:
    ast (2.4.3)
    benchmark (0.5.0)
    erubi (1.13.1)
    json (2.21.1)
    language_server-protocol (3.17.0.6)
    lint_roller (1.1.0)
    logger (1.7.0)
    netrc (0.11.0)
    parallel (2.1.0)
    parser (3.3.11.1)
      ast (~> 2.4.1)
      racc
    prism (1.9.0)
    racc (1.8.1)
    rainbow (3.1.1)
    rbi (0.3.16)
      prism (~> 1.0)
      rbs (>= 4.0.1)
    rbs (4.0.3)
      logger
      prism (>= 1.6.0)
      tsort
    regexp_parser (2.12.0)
    require-hooks (0.4.0)
    rexml (3.4.4)
    rubocop (1.88.2)
      json (~> 2.3)
      language_server-protocol (~> 3.17.0.2)
      lint_roller (~> 1.1.0)
      parallel (>= 1.10)
      parser (>= 3.3.0.2)
      rainbow (>= 2.2.2, < 4.0)
      regexp_parser (>= 2.9.3, < 3.0)
      rubocop-ast (>= 1.49.0, < 2.0)
      ruby-progressbar (~> 1.7)
      unicode-display_width (>= 2.4.0, < 4.0)
    rubocop-ast (1.50.0)
      parser (>= 3.3.7.2)
      prism (~> 1.7)
    ruby-progressbar (1.13.0)
    rubydex (0.2.9-aarch64-linux)
    rubydex (0.2.9-arm64-darwin)
    rubydex (0.2.9-x86_64-darwin)
    rubydex (0.2.9-x86_64-linux)
    sorbet (0.6.13341)
      sorbet-static (= 0.6.13341)
    sorbet-runtime (0.6.13341)
    sorbet-static (0.6.13341-aarch64-linux)
    sorbet-static (0.6.13341-universal-darwin)
    sorbet-static (0.6.13341-x86_64-linux)
    sorbet-static-and-runtime (0.6.13341)
      sorbet (= 0.6.13341)
      sorbet-runtime (= 0.6.13341)
    spoom (1.8.4)
      erubi (>= 1.10.0)
      prism (>= 0.28.0)
      rbi (>= 0.3.15)
      rbs (>= 4.0.0.dev.5)
      rexml (>= 3.2.6)
      sorbet-static-and-runtime (>= 0.5.10187)
      thor (>= 0.19.2)
    tapioca (0.19.2)
      benchmark
      bundler (>= 2.2.25)
      netrc (>= 0.11.0)
      parallel (>= 1.21.0)
      rbi (>= 0.3.7)
      require-hooks (>= 0.2.2)
      rubydex (>= 0.1.0.beta10)
      sorbet-static-and-runtime (>= 0.6.12698)
      spoom (>= 1.7.16)
      thor (>= 1.2.0)
      tsort
    thor (1.5.0)
    tsort (0.2.0)
    unicode-display_width (3.2.0)
      unicode-emoji (~> 4.1)
    unicode-emoji (4.2.0)

PLATFORMS
  aarch64-linux
  universal-darwin
  x86_64-linux

DEPENDENCIES
  rubocop (~> 1.88)
  sorbet
  sorbet-static-and-runtime
  tapioca (~> 0.19.2)

CHECKSUMS
  ast (2.4.3) sha256=954615157c1d6a382bc27d690d973195e79db7f55e9765ac7c481c60bdb4d383
  benchmark (0.5.0) sha256=465df122341aedcb81a2a24b4d3bd19b6c67c1530713fd533f3ff034e419236c
  bundler (4.0.15) sha256=a4ceb882fe94a0e0ac63cd0813932bbfd631a14e5ac0b7975189b19a4d28d9e7
  erubi (1.13.1) sha256=a082103b0885dbc5ecf1172fede897f9ebdb745a4b97a5e8dc63953db1ee4ad9
  json (2.21.1) sha256=13a43df75d95641443f5702dff350f237164a9d811ff0f2c2800d4d980220583
  language_server-protocol (3.17.0.6) sha256=5ef2c0c138f8267e1bc631d3328347d354f96724b0af22f2c79516120443b7f0
  lint_roller (1.1.0) sha256=2c0c845b632a7d172cb849cc90c1bce937a28c5c8ccccb50dfd46a485003cc87
  logger (1.7.0) sha256=196edec7cc44b66cfb40f9755ce11b392f21f7967696af15d274dde7edff0203
  netrc (0.11.0) sha256=de1ce33da8c99ab1d97871726cba75151113f117146becbe45aa85cb3dabee3f
  parallel (2.1.0) sha256=b35258865c2e31134c5ecb708beaaf6772adf9d5efae28e93e99260877b09356
  parser (3.3.11.1) sha256=d17ace7aabe3e72c3cc94043714be27cc6f852f104d81aa284c2281aecc65d54
  prism (1.9.0) sha256=7b530c6a9f92c24300014919c9dcbc055bf4cdf51ec30aed099b06cd6674ef85
  racc (1.8.1) sha256=4a7f6929691dbec8b5209a0b373bc2614882b55fc5d2e447a21aaa691303d62f
  rainbow (3.1.1) sha256=039491aa3a89f42efa1d6dec2fc4e62ede96eb6acd95e52f1ad581182b79bc6a
  rbi (0.3.16) sha256=f0ea4cba2da15a0b2538616707ff7867c462331642e1f29a46ed99143cb895c0
  rbs (4.0.3) sha256=5a7bf70e2628549d9a1f44eae447b2cfe55968a9c60cfff52693a4bdcc020e14
  regexp_parser (2.12.0) sha256=35a916a1d63190ab5c9009457136ae5f3c0c7512d60291d0d1378ba18ce08ebb
  require-hooks (0.4.0) sha256=005f4c6435b4edae73e358cdbaba48370a4121f9ce893d5d2a3c66fce855677d
  rexml (3.4.4) sha256=19e0a2c3425dfbf2d4fc1189747bdb2f849b6c5e74180401b15734bc97b5d142
  rubocop (1.88.2) sha256=8def251c90cd955feb4daa3edc0ab56893250c4ce90ef81e6c80c03f9a939bbf
  rubocop-ast (1.50.0) sha256=b9ca88300da0803ee222ad20cdb30494c0a784eed06fdc35d254b06d662788db
  ruby-progressbar (1.13.0) sha256=80fc9c47a9b640d6834e0dc7b3c94c9df37f08cb072b7761e4a71e22cff29b33
  rubydex (0.2.9-aarch64-linux) sha256=74391fd22c4b4ccca1b695d634daad13326e7cc81567e96549da17c5031265bb
  rubydex (0.2.9-arm64-darwin) sha256=1c014e3c244102739914d528202b1d0f54bdc3d1f85667b81b65ea22aabfa560
  rubydex (0.2.9-x86_64-darwin) sha256=000df1723b090d9176dbceb8e291b72f93931cc3c7782f32287e0db6c20c1dd7
  rubydex (0.2.9-x86_64-linux) sha256=f500e843d285def8fc799e0f9a989b9ba2b01b9372bde6ab0a6831738b3f6956
  sorbet (0.6.13341) sha256=c84abd590e5ca591205a986e776480ff39238af56b7bd422508b9f44921befdc
  sorbet-runtime (0.6.13341) sha256=b1dfbf0e08ba4a684b5e5e8468c486aa1fea20dfd862502f3b7f80f5da2b4c90
  sorbet-static (0.6.13341-aarch64-linux) sha256=42a53bf5f22adfbe46acf816c93a621a75a4e30cd81d04e80a9d53c7d4ac2342
  sorbet-static (0.6.13341-universal-darwin) sha256=762c0c03f63d91eb4301efdd3c013b8b0fffac8b8a3af0efe26164e0dd11bd1f
  sorbet-static (0.6.13341-x86_64-linux) sha256=3d8d8872a8524fb4bfdcb1eeacbf1ab957a7d7905757ad52afa0af745a061011
  sorbet-static-and-runtime (0.6.13341) sha256=1edd6923e5baa128ec05d1dcd6457109d15189a144d722066bb607658b77df03
  spoom (1.8.4) sha256=7283c94a7bbfdfe8764af9027cee2929ef6e1a14271f285e6924e896ca52e880
  tapioca (0.19.2) sha256=938731b07811aee8d23871b1aee8861d464fbaf2cfffbf79a62b0c869a5120ec
  thor (1.5.0) sha256=e3a9e55fe857e44859ce104a84675ab6e8cd59c650a49106a05f55f136425e73
  tsort (0.2.0) sha256=9650a793f6859a43b6641671278f79cfead60ac714148aabe4e3f0060480089f
  unicode-display_width (3.2.0) sha256=0cdd96b5681a5949cdbc2c55e7b420facae74c4aaf9a9815eee1087cb1853c42
  unicode-emoji (4.2.0) sha256=519e69150f75652e40bf736106cfbc8f0f73aa3fb6a65afe62fefa7f80b0f80f

BUNDLED WITH
  4.0.15
